# This file is autogenerated, do not edit; changes may be undone by the next 'dep ensure'.


[[projects]]
  name = "github.com/apoorvam/goterminal"
  packages = ["."]
  revision = "614d345c47e510f5bc95fef660f25d0c00d224e4"
  version = "v1.0"

[[projects]]
  name = "github.com/elastic/go-elasticsearch"
  packages = [".","esapi","estransport"]
  revision = "3aa68f5e96e138fa4dafc9403b10674b4310a632"
  version = "v0.0.0"

[[projects]]
  name = "github.com/gookit/color"
  packages = ["."]
  revision = "9bd56868939d658276cca2e9a0266ca9e29974c4"
  version = "v1.2.0"

[[projects]]
  name = "github.com/mattn/go-isatty"
  packages = ["."]
  revision = "31745d66dd679ac0ac4f8d3ecff168fce6170c6a"
  version = "v0.0.11"

[[projects]]
  branch = "master"
  name = "github.com/pborman/getopt"
  packages = ["."]
  revision = "ee0cd42419d3adee9239dbd1c375717fe482dac7"

[[projects]]
  branch = "master"
  name = "golang.org/x/sys"
  packages = ["unix"]
  revision = "4a24b406529242041050cb1dec3e0e4c46a5f1b6"

[solve-meta]
  analyzer-name = "dep"
  analyzer-version = 1
  inputs-digest = "df4c13df0bad9a04ce8b3d9a763a0dca732c48d87e4c0139a628d3ec96eac2f8"
  solver-name = "gps-cdcl"
  solver-version = 1
