# This file is autogenerated, do not edit; changes may be undone by the next 'dep ensure'.


[[projects]]
  name = "github.com/elastic/go-elasticsearch"
  packages = [".","esapi","estransport"]
  revision = "3aa68f5e96e138fa4dafc9403b10674b4310a632"
  version = "v0.0.0"

[[projects]]
  branch = "master"
  name = "github.com/gbin/goncurses"
  packages = ["."]
  revision = "34d9399fcea5d7d8dc15c91de9994003c218bb45"

[[projects]]
  branch = "master"
  name = "github.com/pborman/getopt"
  packages = ["."]
  revision = "ee0cd42419d3adee9239dbd1c375717fe482dac7"

[solve-meta]
  analyzer-name = "dep"
  analyzer-version = 1
  inputs-digest = "fd951b88002ad93074c944574da844ef9462b93399ffc75bd67f905a57242ef8"
  solver-name = "gps-cdcl"
  solver-version = 1
